{
  "name": "airdropper",
  "version": "1.0.0",
  "lockfileVersion": 1,
  "requires": true,
  "dependencies": {
    "aes-js": {
      "version": "3.0.0",
      "resolved": "https://registry.npmjs.org/aes-js/-/aes-js-3.0.0.tgz",
      "integrity": "sha1-4h3xCtbCBTKVvLuNq0Cwnb6ofk0="
    },
    "bignumber.js": {
      "version": "6.0.0",
      "resolved": "https://registry.npmjs.org/bignumber.js/-/bignumber.js-6.0.0.tgz",
      "integrity": "sha512-x247jIuy60/+FtMRvscqfxtVHQf8AGx2hm9c6btkgC0x/hp9yt+teISNhvF8WlwRkCc5yF2fDECH8SIMe8j+GA=="
    },
    "bn.js": {
      "version": "4.11.8",
      "resolved": "https://registry.npmjs.org/bn.js/-/bn.js-4.11.8.tgz",
      "integrity": "sha512-ItfYfPLkWHUjckQCk8xC+LwxgK8NYcXywGigJgSwOP8Y2iyWT4f2vsZnoOXTTbo+o5yXmIUJ4gn5538SO5S3gA=="
    },
    "brorand": {
      "version": "1.1.0",
      "resolved": "https://registry.npmjs.org/brorand/-/brorand-1.1.0.tgz",
      "integrity": "sha1-EsJe/kCkXjwyPrhnWgoM5XsiNx8="
    },
    "elliptic": {
      "version": "6.3.3",
      "resolved": "https://registry.npmjs.org/elliptic/-/elliptic-6.3.3.tgz",
      "integrity": "sha1-VILZZG1UvLif19mU/J4ulWiHbj8=",
      "requires": {
        "bn.js": "4.11.8",
        "brorand": "1.1.0",
        "hash.js": "1.1.3",
        "inherits": "2.0.3"
      }
    },
    "ethers": {
      "version": "2.2.6",
      "resolved": "https://registry.npmjs.org/ethers/-/ethers-2.2.6.tgz",
      "integrity": "sha512-DU+WbhXIGP/wFDYFuiZXSr170MFQpRuzjwDRT/FNX1g22nB9JHDlP70/CE+7DtLJdFD+8wvV5QqrnCjMQmTjVg==",
      "requires": {
        "ethers-contracts": "2.2.1",
        "ethers-providers": "2.1.19",
        "ethers-utils": "2.1.11",
        "ethers-wallet": "2.1.8"
      }
    },
    "ethers-contracts": {
      "version": "2.2.1",
      "resolved": "https://registry.npmjs.org/ethers-contracts/-/ethers-contracts-2.2.1.tgz",
      "integrity": "sha512-3fT2gyhoDhqp/bgaBOenmyu74dDGGO9adkBaOtEuNmFq0Yf4nwynYWJv++rDxe6Z5Dl5cBF304GhnJUVFVlfCA==",
      "requires": {
        "ethers-utils": "2.1.11"
      }
    },
    "ethers-providers": {
      "version": "2.1.19",
      "resolved": "https://registry.npmjs.org/ethers-providers/-/ethers-providers-2.1.19.tgz",
      "integrity": "sha512-usjJ5qyGO84kMmIYImwGhJo12nnG5uzqpZlViYQFEfwBzqoj7b9e55xnc7fP6XWcnPrrbMqIa0KrW8BKy9bYpg==",
      "requires": {
        "ethers-utils": "2.1.11",
        "inherits": "2.0.1",
        "xmlhttprequest": "1.8.0"
      },
      "dependencies": {
        "inherits": {
          "version": "2.0.1",
          "resolved": "https://registry.npmjs.org/inherits/-/inherits-2.0.1.tgz",
          "integrity": "sha1-sX0I0ya0Qj5Wjv9xn5GwscvfafE="
        }
      }
    },
    "ethers-utils": {
      "version": "2.1.11",
      "resolved": "https://registry.npmjs.org/ethers-utils/-/ethers-utils-2.1.11.tgz",
      "integrity": "sha512-BfkGStBmmLjhTldmp5lifiwUeDjx/yowoWfmUnnvPNsix5PFE8IXQdY5VT/Qo1SXMgxzCe8m0Z8ysUw6Q9OmAw==",
      "requires": {
        "bn.js": "4.11.8",
        "hash.js": "1.1.3",
        "js-sha3": "0.5.7",
        "xmlhttprequest": "1.8.0"
      }
    },
    "ethers-wallet": {
      "version": "2.1.8",
      "resolved": "https://registry.npmjs.org/ethers-wallet/-/ethers-wallet-2.1.8.tgz",
      "integrity": "sha512-RRISXGCnaFj35WDTyj4Z8UlVkiNep05b7fApON9Ao9y096VhY8/H2w3reGB2VAWIQBM1ZcAY9W67hhMfb5+Prw==",
      "requires": {
        "aes-js": "3.0.0",
        "elliptic": "6.3.3",
        "ethers-utils": "2.1.11",
        "scrypt-js": "2.0.3",
        "setimmediate": "1.0.4",
        "uuid": "2.0.1"
      }
    },
    "hash.js": {
      "version": "1.1.3",
      "resolved": "https://registry.npmjs.org/hash.js/-/hash.js-1.1.3.tgz",
      "integrity": "sha512-/UETyP0W22QILqS+6HowevwhEFJ3MBJnwTf75Qob9Wz9t0DPuisL8kW8YZMK62dHAKE1c1p+gY1TtOLY+USEHA==",
      "requires": {
        "inherits": "2.0.3",
        "minimalistic-assert": "1.0.0"
      }
    },
    "inherits": {
      "version": "2.0.3",
      "resolved": "https://registry.npmjs.org/inherits/-/inherits-2.0.3.tgz",
      "integrity": "sha1-Yzwsg+PaQqUC9SRmAiSA9CCCYd4="
    },
    "js-sha3": {
      "version": "0.5.7",
      "resolved": "https://registry.npmjs.org/js-sha3/-/js-sha3-0.5.7.tgz",
      "integrity": "sha1-DU/9gALVMzqrr0oj7tL2N0yfKOc="
    },
    "minimalistic-assert": {
      "version": "1.0.0",
      "resolved": "https://registry.npmjs.org/minimalistic-assert/-/minimalistic-assert-1.0.0.tgz",
      "integrity": "sha1-cCvi3aazf0g2vLP121ZkG2Sh09M="
    },
    "scrypt-js": {
      "version": "2.0.3",
      "resolved": "https://registry.npmjs.org/scrypt-js/-/scrypt-js-2.0.3.tgz",
      "integrity": "sha1-uwBAvgMEPamgEqLOqfyfhSz8h9Q="
    },
    "setimmediate": {
      "version": "1.0.4",
      "resolved": "https://registry.npmjs.org/setimmediate/-/setimmediate-1.0.4.tgz",
      "integrity": "sha1-IOgd5iLUoCWIzgyNqJc8vPHTE48="
    },
    "uuid": {
      "version": "2.0.1",
      "resolved": "https://registry.npmjs.org/uuid/-/uuid-2.0.1.tgz",
      "integrity": "sha1-wqMN7bPlNdcsz4LjQ5QaULqFM6w="
    },
    "xmlhttprequest": {
      "version": "1.8.0",
      "resolved": "https://registry.npmjs.org/xmlhttprequest/-/xmlhttprequest-1.8.0.tgz",
      "integrity": "sha1-Z/4HXFwk/vOfnWX197f+dRcZaPw="
    }
  }
}
